
Microsoft Visual Studio Solution File, Format Version 12.00
# Visual Studio Version 17
VisualStudioVersion = 17.11.35312.102
MinimumVisualStudioVersion = 10.0.40219.1
Project("{FAE04EC0-301F-11D3-BF4B-00C04F79EFBC}") = "gettinİD", "gettinİD\gettinİD.csproj", "{67C91058-EADC-434F-BEE5-39B81571914A}"
EndProject
Global
	GlobalSection(SolutionConfigurationPlatforms) = preSolution
		Debug|Any CPU = Debug|Any CPU
		Release|Any CPU = Release|Any CPU
	EndGlobalSection
	GlobalSection(ProjectConfigurationPlatforms) = postSolution
		{67C91058-EADC-434F-BEE5-39B81571914A}.Debug|Any CPU.ActiveCfg = Debug|Any CPU
		{67C91058-EADC-434F-BEE5-39B81571914A}.Debug|Any CPU.Build.0 = Debug|Any CPU
		{67C91058-EADC-434F-BEE5-39B81571914A}.Release|Any CPU.ActiveCfg = Release|Any CPU
		{67C91058-EADC-434F-BEE5-39B81571914A}.Release|Any CPU.Build.0 = Release|Any CPU
	EndGlobalSection
	GlobalSection(SolutionProperties) = preSolution
		HideSolutionNode = FALSE
	EndGlobalSection
	GlobalSection(ExtensibilityGlobals) = postSolution
		SolutionGuid = {267BDBED-8B43-4A1D-9839-5DE1E630B0C5}
	EndGlobalSection
EndGlobal
